
Microsoft Visual Studio Solution File, Format Version 12.00
# Visual Studio Version 16
VisualStudioVersion = 25.0.1703.8
MinimumVisualStudioVersion = 10.0.40219.1
Project("{FAE04EC0-301F-11D3-BF4B-00C04F79EFBC}") = "ugadai_tšislo", "ugadai_tšislo\ugadai_tšislo.csproj", "{1FD23709-8B65-4EB2-82AF-4FCDFFCEEA65}"
EndProject
Global
	GlobalSection(SolutionConfigurationPlatforms) = preSolution
		Debug|Any CPU = Debug|Any CPU
		Release|Any CPU = Release|Any CPU
	EndGlobalSection
	GlobalSection(ProjectConfigurationPlatforms) = postSolution
		{1FD23709-8B65-4EB2-82AF-4FCDFFCEEA65}.Debug|Any CPU.ActiveCfg = Debug|Any CPU
		{1FD23709-8B65-4EB2-82AF-4FCDFFCEEA65}.Debug|Any CPU.Build.0 = Debug|Any CPU
		{1FD23709-8B65-4EB2-82AF-4FCDFFCEEA65}.Release|Any CPU.ActiveCfg = Release|Any CPU
		{1FD23709-8B65-4EB2-82AF-4FCDFFCEEA65}.Release|Any CPU.Build.0 = Release|Any CPU
	EndGlobalSection
	GlobalSection(SolutionProperties) = preSolution
		HideSolutionNode = FALSE
	EndGlobalSection
	GlobalSection(ExtensibilityGlobals) = postSolution
		SolutionGuid = {5F006001-B022-4FD1-BD4F-7B7F6C43340D}
	EndGlobalSection
EndGlobal
