
Microsoft Visual Studio Solution File, Format Version 12.00
# Visual Studio Version 16
VisualStudioVersion = 25.0.1704.4
MinimumVisualStudioVersion = 10.0.40219.1
Project("{FAE04EC0-301F-11D3-BF4B-00C04F79EFBC}") = "UsingComposition_04.02.2023", "UsingComposition_04.02.2023\UsingComposition_04.02.2023.csproj", "{39B2B25A-CD40-44FD-A648-A340ABF3F6DD}"
EndProject
Global
	GlobalSection(SolutionConfigurationPlatforms) = preSolution
		Debug|Any CPU = Debug|Any CPU
		Release|Any CPU = Release|Any CPU
	EndGlobalSection
	GlobalSection(ProjectConfigurationPlatforms) = postSolution
		{39B2B25A-CD40-44FD-A648-A340ABF3F6DD}.Debug|Any CPU.ActiveCfg = Debug|Any CPU
		{39B2B25A-CD40-44FD-A648-A340ABF3F6DD}.Debug|Any CPU.Build.0 = Debug|Any CPU
		{39B2B25A-CD40-44FD-A648-A340ABF3F6DD}.Release|Any CPU.ActiveCfg = Release|Any CPU
		{39B2B25A-CD40-44FD-A648-A340ABF3F6DD}.Release|Any CPU.Build.0 = Release|Any CPU
	EndGlobalSection
	GlobalSection(SolutionProperties) = preSolution
		HideSolutionNode = FALSE
	EndGlobalSection
	GlobalSection(ExtensibilityGlobals) = postSolution
		SolutionGuid = {5E286263-3E7B-49DB-B791-C01DD9F536B2}
	EndGlobalSection
EndGlobal
