
Microsoft Visual Studio Solution File, Format Version 12.00
# Visual Studio Version 16
VisualStudioVersion = 25.0.1705.0
MinimumVisualStudioVersion = 10.0.40219.1
Project("{FAE04EC0-301F-11D3-BF4B-00C04F79EFBC}") = "Vehicles_Test_2", "Vehicles_Test_2\Vehicles_Test_2.csproj", "{51985C36-0385-446B-A854-B02F50FB8121}"
EndProject
Global
	GlobalSection(SolutionConfigurationPlatforms) = preSolution
		Debug|Any CPU = Debug|Any CPU
		Release|Any CPU = Release|Any CPU
	EndGlobalSection
	GlobalSection(ProjectConfigurationPlatforms) = postSolution
		{51985C36-0385-446B-A854-B02F50FB8121}.Debug|Any CPU.ActiveCfg = Debug|Any CPU
		{51985C36-0385-446B-A854-B02F50FB8121}.Debug|Any CPU.Build.0 = Debug|Any CPU
		{51985C36-0385-446B-A854-B02F50FB8121}.Release|Any CPU.ActiveCfg = Release|Any CPU
		{51985C36-0385-446B-A854-B02F50FB8121}.Release|Any CPU.Build.0 = Release|Any CPU
	EndGlobalSection
	GlobalSection(SolutionProperties) = preSolution
		HideSolutionNode = FALSE
	EndGlobalSection
	GlobalSection(ExtensibilityGlobals) = postSolution
		SolutionGuid = {5693B07A-E4E9-4F67-A264-0B96AFF3AC5A}
	EndGlobalSection
EndGlobal
