
Microsoft Visual Studio Solution File, Format Version 12.00
# Visual Studio Version 16
VisualStudioVersion = 25.0.1703.8
MinimumVisualStudioVersion = 10.0.40219.1
Project("{FAE04EC0-301F-11D3-BF4B-00C04F79EFBC}") = "tablitsa_umnozenija", "tablitsa_umnozenija\tablitsa_umnozenija.csproj", "{AEDDA0A3-F750-48D3-A49B-9F1A134DC568}"
EndProject
Global
	GlobalSection(SolutionConfigurationPlatforms) = preSolution
		Debug|Any CPU = Debug|Any CPU
		Release|Any CPU = Release|Any CPU
	EndGlobalSection
	GlobalSection(ProjectConfigurationPlatforms) = postSolution
		{AEDDA0A3-F750-48D3-A49B-9F1A134DC568}.Debug|Any CPU.ActiveCfg = Debug|Any CPU
		{AEDDA0A3-F750-48D3-A49B-9F1A134DC568}.Debug|Any CPU.Build.0 = Debug|Any CPU
		{AEDDA0A3-F750-48D3-A49B-9F1A134DC568}.Release|Any CPU.ActiveCfg = Release|Any CPU
		{AEDDA0A3-F750-48D3-A49B-9F1A134DC568}.Release|Any CPU.Build.0 = Release|Any CPU
	EndGlobalSection
	GlobalSection(SolutionProperties) = preSolution
		HideSolutionNode = FALSE
	EndGlobalSection
	GlobalSection(ExtensibilityGlobals) = postSolution
		SolutionGuid = {E17D4CB8-28B6-4DCC-9E1E-09BC6233FBF7}
	EndGlobalSection
EndGlobal
