
Microsoft Visual Studio Solution File, Format Version 12.00
# Visual Studio Version 16
VisualStudioVersion = 25.0.1703.8
MinimumVisualStudioVersion = 10.0.40219.1
Project("{FAE04EC0-301F-11D3-BF4B-00C04F79EFBC}") = "Lesson_5_21_10_2022", "Lesson_5_21_10_2022\Lesson_5_21_10_2022.csproj", "{90809B65-CF34-42FF-B978-C5B45214E972}"
EndProject
Global
	GlobalSection(SolutionConfigurationPlatforms) = preSolution
		Debug|Any CPU = Debug|Any CPU
		Release|Any CPU = Release|Any CPU
	EndGlobalSection
	GlobalSection(ProjectConfigurationPlatforms) = postSolution
		{90809B65-CF34-42FF-B978-C5B45214E972}.Debug|Any CPU.ActiveCfg = Debug|Any CPU
		{90809B65-CF34-42FF-B978-C5B45214E972}.Debug|Any CPU.Build.0 = Debug|Any CPU
		{90809B65-CF34-42FF-B978-C5B45214E972}.Release|Any CPU.ActiveCfg = Release|Any CPU
		{90809B65-CF34-42FF-B978-C5B45214E972}.Release|Any CPU.Build.0 = Release|Any CPU
	EndGlobalSection
	GlobalSection(SolutionProperties) = preSolution
		HideSolutionNode = FALSE
	EndGlobalSection
	GlobalSection(ExtensibilityGlobals) = postSolution
		SolutionGuid = {FAC54642-C779-42AF-B8DF-F829172C546F}
	EndGlobalSection
EndGlobal
