
Microsoft Visual Studio Solution File, Format Version 12.00
# Visual Studio Version 16
VisualStudioVersion = 25.0.1703.4
MinimumVisualStudioVersion = 10.0.40219.1
Project("{FAE04EC0-301F-11D3-BF4B-00C04F79EFBC}") = "Lesson_01_08_09_2022", "Lesson_01_08_09_2022\Lesson_01_08_09_2022.csproj", "{08F144AE-3D91-4E2B-9EC8-14A79D2D6763}"
EndProject
Global
	GlobalSection(SolutionConfigurationPlatforms) = preSolution
		Debug|Any CPU = Debug|Any CPU
		Release|Any CPU = Release|Any CPU
	EndGlobalSection
	GlobalSection(ProjectConfigurationPlatforms) = postSolution
		{08F144AE-3D91-4E2B-9EC8-14A79D2D6763}.Debug|Any CPU.ActiveCfg = Debug|Any CPU
		{08F144AE-3D91-4E2B-9EC8-14A79D2D6763}.Debug|Any CPU.Build.0 = Debug|Any CPU
		{08F144AE-3D91-4E2B-9EC8-14A79D2D6763}.Release|Any CPU.ActiveCfg = Release|Any CPU
		{08F144AE-3D91-4E2B-9EC8-14A79D2D6763}.Release|Any CPU.Build.0 = Release|Any CPU
	EndGlobalSection
	GlobalSection(SolutionProperties) = preSolution
		HideSolutionNode = FALSE
	EndGlobalSection
	GlobalSection(ExtensibilityGlobals) = postSolution
		SolutionGuid = {9C96CB95-FF8B-4810-B17D-C10E671DAC68}
	EndGlobalSection
EndGlobal
