
Microsoft Visual Studio Solution File, Format Version 12.00
# Visual Studio Version 16
VisualStudioVersion = 25.0.1703.6
MinimumVisualStudioVersion = 10.0.40219.1
Project("{FAE04EC0-301F-11D3-BF4B-00C04F79EFBC}") = "Task_2_Aleksei_Maloskin", "Task_2_Aleksei_Maloskin\Task_2_Aleksei_Maloskin.csproj", "{F6CFC243-CD3B-4817-ABF8-E5AB2F8D1EA2}"
EndProject
Global
	GlobalSection(SolutionConfigurationPlatforms) = preSolution
		Debug|Any CPU = Debug|Any CPU
		Release|Any CPU = Release|Any CPU
	EndGlobalSection
	GlobalSection(ProjectConfigurationPlatforms) = postSolution
		{F6CFC243-CD3B-4817-ABF8-E5AB2F8D1EA2}.Debug|Any CPU.ActiveCfg = Debug|Any CPU
		{F6CFC243-CD3B-4817-ABF8-E5AB2F8D1EA2}.Debug|Any CPU.Build.0 = Debug|Any CPU
		{F6CFC243-CD3B-4817-ABF8-E5AB2F8D1EA2}.Release|Any CPU.ActiveCfg = Release|Any CPU
		{F6CFC243-CD3B-4817-ABF8-E5AB2F8D1EA2}.Release|Any CPU.Build.0 = Release|Any CPU
	EndGlobalSection
	GlobalSection(SolutionProperties) = preSolution
		HideSolutionNode = FALSE
	EndGlobalSection
	GlobalSection(ExtensibilityGlobals) = postSolution
		SolutionGuid = {1CE7865F-BDA9-41CE-9A3A-69207121626F}
	EndGlobalSection
EndGlobal
