
Microsoft Visual Studio Solution File, Format Version 12.00
# Visual Studio Version 16
VisualStudioVersion = 25.0.1704.0
MinimumVisualStudioVersion = 10.0.40219.1
Project("{FAE04EC0-301F-11D3-BF4B-00C04F79EFBC}") = "N21_Aleksei_Maloskin", "N21_Aleksei_Maloskin\N21_Aleksei_Maloskin.csproj", "{3AE0E9AC-CEDB-4DFE-99B4-4BCB992A6487}"
EndProject
Global
	GlobalSection(SolutionConfigurationPlatforms) = preSolution
		Debug|Any CPU = Debug|Any CPU
		Release|Any CPU = Release|Any CPU
	EndGlobalSection
	GlobalSection(ProjectConfigurationPlatforms) = postSolution
		{3AE0E9AC-CEDB-4DFE-99B4-4BCB992A6487}.Debug|Any CPU.ActiveCfg = Debug|Any CPU
		{3AE0E9AC-CEDB-4DFE-99B4-4BCB992A6487}.Debug|Any CPU.Build.0 = Debug|Any CPU
		{3AE0E9AC-CEDB-4DFE-99B4-4BCB992A6487}.Release|Any CPU.ActiveCfg = Release|Any CPU
		{3AE0E9AC-CEDB-4DFE-99B4-4BCB992A6487}.Release|Any CPU.Build.0 = Release|Any CPU
	EndGlobalSection
	GlobalSection(SolutionProperties) = preSolution
		HideSolutionNode = FALSE
	EndGlobalSection
	GlobalSection(ExtensibilityGlobals) = postSolution
		SolutionGuid = {01397A48-5B75-4E28-8D9B-DD7041B60DA4}
	EndGlobalSection
EndGlobal
